
Microsoft Visual Studio Solution File, Format Version 12.00
# Visual Studio Version 17
VisualStudioVersion = 17.2.32602.215
MinimumVisualStudioVersion = 10.0.40219.1
Project("{FAE04EC0-301F-11D3-BF4B-00C04F79EFBC}") = "OrderManagementBackend", "OrderManagementBackend\OrderManagementBackend.csproj", "{B12E9E9E-555F-4A40-ABB1-DE001BF7C4FF}"
EndProject
Global
	GlobalSection(SolutionConfigurationPlatforms) = preSolution
		Debug|Any CPU = Debug|Any CPU
		Release|Any CPU = Release|Any CPU
	EndGlobalSection
	GlobalSection(ProjectConfigurationPlatforms) = postSolution
		{B12E9E9E-555F-4A40-ABB1-DE001BF7C4FF}.Debug|Any CPU.ActiveCfg = Debug|Any CPU
		{B12E9E9E-555F-4A40-ABB1-DE001BF7C4FF}.Debug|Any CPU.Build.0 = Debug|Any CPU
		{B12E9E9E-555F-4A40-ABB1-DE001BF7C4FF}.Release|Any CPU.ActiveCfg = Release|Any CPU
		{B12E9E9E-555F-4A40-ABB1-DE001BF7C4FF}.Release|Any CPU.Build.0 = Release|Any CPU
	EndGlobalSection
	GlobalSection(SolutionProperties) = preSolution
		HideSolutionNode = FALSE
	EndGlobalSection
	GlobalSection(ExtensibilityGlobals) = postSolution
		SolutionGuid = {4C433350-0576-4EB6-8B62-4813CAA5BD1C}
	EndGlobalSection
EndGlobal
